# THIS IS AN AUTOGENERATED FILE. DO NOT EDIT THIS FILE DIRECTLY.
# yarn lockfile v1


dayjs@^1.10.5:
  version "1.10.5"
  resolved "https://registry.yarnpkg.com/dayjs/-/dayjs-1.10.5.tgz#5600df4548fc2453b3f163ebb2abbe965ccfb986"
  integrity sha512-BUFis41ikLz+65iH6LHQCDm4YPMj5r1YFLdupPIyM4SGcXMmtiLQ7U37i+hGS8urIuqe7I/ou3IS1jVc4nbN4g==
